
Microsoft Visual Studio Solution File, Format Version 12.00
# Visual Studio Version 17
VisualStudioVersion = 17.11.35327.3
MinimumVisualStudioVersion = 10.0.40219.1
Project("{9A19103F-16F7-4668-BE54-9A1E7A4F7556}") = "test-cargo-tracker-api", "test-cargo-tracker-api.csproj", "{F585228C-9515-4595-9EB1-0590EC7C782C}"
EndProject
Global
	GlobalSection(SolutionConfigurationPlatforms) = preSolution
		Debug|Any CPU = Debug|Any CPU
		Release|Any CPU = Release|Any CPU
	EndGlobalSection
	GlobalSection(ProjectConfigurationPlatforms) = postSolution
		{F585228C-9515-4595-9EB1-0590EC7C782C}.Debug|Any CPU.ActiveCfg = Debug|Any CPU
		{F585228C-9515-4595-9EB1-0590EC7C782C}.Debug|Any CPU.Build.0 = Debug|Any CPU
		{F585228C-9515-4595-9EB1-0590EC7C782C}.Release|Any CPU.ActiveCfg = Release|Any CPU
		{F585228C-9515-4595-9EB1-0590EC7C782C}.Release|Any CPU.Build.0 = Release|Any CPU
	EndGlobalSection
	GlobalSection(SolutionProperties) = preSolution
		HideSolutionNode = FALSE
	EndGlobalSection
	GlobalSection(ExtensibilityGlobals) = postSolution
		SolutionGuid = {78A92786-6A91-4BCF-B168-9A76F4074A46}
	EndGlobalSection
EndGlobal
